
Microsoft Visual Studio Solution File, Format Version 12.00
# Visual Studio Version 16
VisualStudioVersion = 16.0.31410.357
MinimumVisualStudioVersion = 10.0.40219.1
Project("{9A19103F-16F7-4668-BE54-9A1E7A4F7556}") = "AdoNetDataReader", "AdoNetDataReader\AdoNetDataReader.csproj", "{EA71E968-5FBB-4268-B67D-EDA0FBF2013E}"
EndProject
Project("{FAE04EC0-301F-11D3-BF4B-00C04F79EFBC}") = "EntityFrameworkDbContext", "EntityFrameworkDbContext\EntityFrameworkDbContext.csproj", "{76FD1944-D295-4D2B-9C3D-5210103FCDB4}"
EndProject
Global
	GlobalSection(SolutionConfigurationPlatforms) = preSolution
		Debug|Any CPU = Debug|Any CPU
		Release|Any CPU = Release|Any CPU
	EndGlobalSection
	GlobalSection(ProjectConfigurationPlatforms) = postSolution
		{EA71E968-5FBB-4268-B67D-EDA0FBF2013E}.Debug|Any CPU.ActiveCfg = Debug|Any CPU
		{EA71E968-5FBB-4268-B67D-EDA0FBF2013E}.Debug|Any CPU.Build.0 = Debug|Any CPU
		{EA71E968-5FBB-4268-B67D-EDA0FBF2013E}.Release|Any CPU.ActiveCfg = Release|Any CPU
		{EA71E968-5FBB-4268-B67D-EDA0FBF2013E}.Release|Any CPU.Build.0 = Release|Any CPU
		{76FD1944-D295-4D2B-9C3D-5210103FCDB4}.Debug|Any CPU.ActiveCfg = Debug|Any CPU
		{76FD1944-D295-4D2B-9C3D-5210103FCDB4}.Debug|Any CPU.Build.0 = Debug|Any CPU
		{76FD1944-D295-4D2B-9C3D-5210103FCDB4}.Release|Any CPU.ActiveCfg = Release|Any CPU
		{76FD1944-D295-4D2B-9C3D-5210103FCDB4}.Release|Any CPU.Build.0 = Release|Any CPU
	EndGlobalSection
	GlobalSection(SolutionProperties) = preSolution
		HideSolutionNode = FALSE
	EndGlobalSection
	GlobalSection(ExtensibilityGlobals) = postSolution
		SolutionGuid = {F92EFAED-BA6A-473E-9FB1-16C5F5F0A7C0}
	EndGlobalSection
EndGlobal
